
Microsoft Visual Studio Solution File, Format Version 12.00
# Visual Studio Version 17
VisualStudioVersion = 17.4.33122.133
MinimumVisualStudioVersion = 10.0.40219.1
Project("{2150E333-8FDC-42A3-9474-1A3956D46DE8}") = "Source", "Source", "{8BD7713D-69C9-45D5-A4C7-F922520E346C}"
EndProject
Project("{9A19103F-16F7-4668-BE54-9A1E7A4F7556}") = "Domain", "Domain\Domain.csproj", "{FE097D42-015D-473D-BF2A-3072431EB328}"
EndProject
Project("{9A19103F-16F7-4668-BE54-9A1E7A4F7556}") = "Application", "Application\Application.csproj", "{BFB19574-D09E-4B86-BCDB-384504FAAECD}"
EndProject
Project("{9A19103F-16F7-4668-BE54-9A1E7A4F7556}") = "Infrastructure", "Infrastructure\Infrastructure.csproj", "{EAFD9E1F-1930-4F41-8DDD-0A94E43AFAE2}"
EndProject
Project("{9A19103F-16F7-4668-BE54-9A1E7A4F7556}") = "Presistence", "Presistence\Presistence.csproj", "{65538285-231B-498B-8186-123216689EEA}"
EndProject
Project("{9A19103F-16F7-4668-BE54-9A1E7A4F7556}") = "WebAPI", "WebAPI\WebAPI.csproj", "{124D827D-CB90-4832-BC8B-E9EDCC4E7A79}"
EndProject
Project("{2150E333-8FDC-42A3-9474-1A3956D46DE8}") = "Tests", "Tests", "{59C80B1F-4315-4FA2-ADF3-CA4A1D9AE39D}"
EndProject
Project("{9A19103F-16F7-4668-BE54-9A1E7A4F7556}") = "Presentation", "Presentation\Presentation.csproj", "{2BF65A33-5905-442B-A730-2EF8B695EAEB}"
	ProjectSection(ProjectDependencies) = postProject
		{BFB19574-D09E-4B86-BCDB-384504FAAECD} = {BFB19574-D09E-4B86-BCDB-384504FAAECD}
		{FE097D42-015D-473D-BF2A-3072431EB328} = {FE097D42-015D-473D-BF2A-3072431EB328}
	EndProjectSection
EndProject
Global
	GlobalSection(SolutionConfigurationPlatforms) = preSolution
		Debug|Any CPU = Debug|Any CPU
		Release|Any CPU = Release|Any CPU
	EndGlobalSection
	GlobalSection(ProjectConfigurationPlatforms) = postSolution
		{FE097D42-015D-473D-BF2A-3072431EB328}.Debug|Any CPU.ActiveCfg = Debug|Any CPU
		{FE097D42-015D-473D-BF2A-3072431EB328}.Debug|Any CPU.Build.0 = Debug|Any CPU
		{FE097D42-015D-473D-BF2A-3072431EB328}.Release|Any CPU.ActiveCfg = Release|Any CPU
		{FE097D42-015D-473D-BF2A-3072431EB328}.Release|Any CPU.Build.0 = Release|Any CPU
		{BFB19574-D09E-4B86-BCDB-384504FAAECD}.Debug|Any CPU.ActiveCfg = Debug|Any CPU
		{BFB19574-D09E-4B86-BCDB-384504FAAECD}.Debug|Any CPU.Build.0 = Debug|Any CPU
		{BFB19574-D09E-4B86-BCDB-384504FAAECD}.Release|Any CPU.ActiveCfg = Release|Any CPU
		{BFB19574-D09E-4B86-BCDB-384504FAAECD}.Release|Any CPU.Build.0 = Release|Any CPU
		{EAFD9E1F-1930-4F41-8DDD-0A94E43AFAE2}.Debug|Any CPU.ActiveCfg = Debug|Any CPU
		{EAFD9E1F-1930-4F41-8DDD-0A94E43AFAE2}.Debug|Any CPU.Build.0 = Debug|Any CPU
		{EAFD9E1F-1930-4F41-8DDD-0A94E43AFAE2}.Release|Any CPU.ActiveCfg = Release|Any CPU
		{EAFD9E1F-1930-4F41-8DDD-0A94E43AFAE2}.Release|Any CPU.Build.0 = Release|Any CPU
		{65538285-231B-498B-8186-123216689EEA}.Debug|Any CPU.ActiveCfg = Debug|Any CPU
		{65538285-231B-498B-8186-123216689EEA}.Debug|Any CPU.Build.0 = Debug|Any CPU
		{65538285-231B-498B-8186-123216689EEA}.Release|Any CPU.ActiveCfg = Release|Any CPU
		{65538285-231B-498B-8186-123216689EEA}.Release|Any CPU.Build.0 = Release|Any CPU
		{124D827D-CB90-4832-BC8B-E9EDCC4E7A79}.Debug|Any CPU.ActiveCfg = Debug|Any CPU
		{124D827D-CB90-4832-BC8B-E9EDCC4E7A79}.Debug|Any CPU.Build.0 = Debug|Any CPU
		{124D827D-CB90-4832-BC8B-E9EDCC4E7A79}.Release|Any CPU.ActiveCfg = Release|Any CPU
		{124D827D-CB90-4832-BC8B-E9EDCC4E7A79}.Release|Any CPU.Build.0 = Release|Any CPU
		{2BF65A33-5905-442B-A730-2EF8B695EAEB}.Debug|Any CPU.ActiveCfg = Debug|Any CPU
		{2BF65A33-5905-442B-A730-2EF8B695EAEB}.Debug|Any CPU.Build.0 = Debug|Any CPU
		{2BF65A33-5905-442B-A730-2EF8B695EAEB}.Release|Any CPU.ActiveCfg = Release|Any CPU
		{2BF65A33-5905-442B-A730-2EF8B695EAEB}.Release|Any CPU.Build.0 = Release|Any CPU
	EndGlobalSection
	GlobalSection(SolutionProperties) = preSolution
		HideSolutionNode = FALSE
	EndGlobalSection
	GlobalSection(NestedProjects) = preSolution
		{FE097D42-015D-473D-BF2A-3072431EB328} = {8BD7713D-69C9-45D5-A4C7-F922520E346C}
		{BFB19574-D09E-4B86-BCDB-384504FAAECD} = {8BD7713D-69C9-45D5-A4C7-F922520E346C}
		{EAFD9E1F-1930-4F41-8DDD-0A94E43AFAE2} = {8BD7713D-69C9-45D5-A4C7-F922520E346C}
		{65538285-231B-498B-8186-123216689EEA} = {8BD7713D-69C9-45D5-A4C7-F922520E346C}
		{124D827D-CB90-4832-BC8B-E9EDCC4E7A79} = {8BD7713D-69C9-45D5-A4C7-F922520E346C}
		{2BF65A33-5905-442B-A730-2EF8B695EAEB} = {8BD7713D-69C9-45D5-A4C7-F922520E346C}
	EndGlobalSection
	GlobalSection(ExtensibilityGlobals) = postSolution
		SolutionGuid = {F4E3ACC1-C5E1-4216-9E4C-B411555BB7E3}
	EndGlobalSection
EndGlobal
